
Microsoft Visual Studio Solution File, Format Version 12.00
# Visual Studio 14
VisualStudioVersion = 14.0.23107.0
MinimumVisualStudioVersion = 10.0.40219.1
Project("{FAE04EC0-301F-11D3-BF4B-00C04F79EFBC}") = "UnifiedMap", "UnifiedMap\UnifiedMap\UnifiedMap.csproj", "{67F9D3A8-F71E-4428-913F-C37AE82CDB24}"
EndProject
Project("{FAE04EC0-301F-11D3-BF4B-00C04F79EFBC}") = "UnifiedMap.Windows", "UnifiedMap\UnifiedMap.Windows\UnifiedMap.Windows.csproj", "{B2A54F31-730D-4AE4-9612-FACD960BB327}"
EndProject
Project("{2150E333-8FDC-42A3-9474-1A3956D46DE8}") = "Map", "Map", "{F16D64C8-F833-4265-821B-C5AA93113E13}"
EndProject
Project("{FAE04EC0-301F-11D3-BF4B-00C04F79EFBC}") = "SampleApp", "SampleApp\SampleApp\SampleApp.csproj", "{25730A4A-99B1-425C-91C3-15259D9CD424}"
EndProject
Project("{FAE04EC0-301F-11D3-BF4B-00C04F79EFBC}") = "SampleApp.iOS", "SampleApp\SampleApp.iOS\SampleApp.iOS.csproj", "{A35078E2-CBF0-46B0-B9DA-35CB312C37DC}"
EndProject
Project("{FAE04EC0-301F-11D3-BF4B-00C04F79EFBC}") = "SampleApp.Droid", "SampleApp\SampleApp.Droid\SampleApp.Droid.csproj", "{1C5C3CD5-E559-4F97-B250-2561B84AC168}"
EndProject
Project("{FAE04EC0-301F-11D3-BF4B-00C04F79EFBC}") = "SampleApp.Windows", "SampleApp\SampleApp.Windows\SampleApp.Windows.csproj", "{026B7F8A-C176-4A19-AF0F-5976A79B6432}"
EndProject
Project("{2150E333-8FDC-42A3-9474-1A3956D46DE8}") = "Sample", "Sample", "{D2481B32-D7EA-4D79-9ECF-C48DD18E5080}"
EndProject
Project("{FAE04EC0-301F-11D3-BF4B-00C04F79EFBC}") = "UnifiedMap.iOS", "UnifiedMap\UnifiedMap.iOS\UnifiedMap.iOS.csproj", "{0EF49795-8694-4DDB-A8A9-72EF66E3B450}"
EndProject
Project("{FAE04EC0-301F-11D3-BF4B-00C04F79EFBC}") = "UnifiedMap.Droid", "UnifiedMap\UnifiedMap.Droid\UnifiedMap.Droid.csproj", "{734BBFA0-7C6B-4128-B6C9-1FB2553400A8}"
EndProject
Project("{2150E333-8FDC-42A3-9474-1A3956D46DE8}") = "Solution Items", "Solution Items", "{D143A4C7-B736-4422-AE91-83E323EF0506}"
	ProjectSection(SolutionItems) = preProject
		LICENSE = LICENSE
		README.md = README.md
		UnifiedMaps.nuspec = UnifiedMaps.nuspec
	EndProjectSection
EndProject
Global
	GlobalSection(SolutionConfigurationPlatforms) = preSolution
		Debug|Any CPU = Debug|Any CPU
		Debug|ARM = Debug|ARM
		Debug|iPhone = Debug|iPhone
		Debug|iPhoneSimulator = Debug|iPhoneSimulator
		Debug|x64 = Debug|x64
		Debug|x86 = Debug|x86
		Release|Any CPU = Release|Any CPU
		Release|ARM = Release|ARM
		Release|iPhone = Release|iPhone
		Release|iPhoneSimulator = Release|iPhoneSimulator
		Release|x64 = Release|x64
		Release|x86 = Release|x86
	EndGlobalSection
	GlobalSection(ProjectConfigurationPlatforms) = postSolution
		{67F9D3A8-F71E-4428-913F-C37AE82CDB24}.Debug|Any CPU.ActiveCfg = Debug|Any CPU
		{67F9D3A8-F71E-4428-913F-C37AE82CDB24}.Debug|Any CPU.Build.0 = Debug|Any CPU
		{67F9D3A8-F71E-4428-913F-C37AE82CDB24}.Debug|ARM.ActiveCfg = Debug|Any CPU
		{67F9D3A8-F71E-4428-913F-C37AE82CDB24}.Debug|ARM.Build.0 = Debug|Any CPU
		{67F9D3A8-F71E-4428-913F-C37AE82CDB24}.Debug|iPhone.ActiveCfg = Debug|Any CPU
		{67F9D3A8-F71E-4428-913F-C37AE82CDB24}.Debug|iPhone.Build.0 = Debug|Any CPU
		{67F9D3A8-F71E-4428-913F-C37AE82CDB24}.Debug|iPhoneSimulator.ActiveCfg = Debug|Any CPU
		{67F9D3A8-F71E-4428-913F-C37AE82CDB24}.Debug|iPhoneSimulator.Build.0 = Debug|Any CPU
		{67F9D3A8-F71E-4428-913F-C37AE82CDB24}.Debug|x64.ActiveCfg = Debug|Any CPU
		{67F9D3A8-F71E-4428-913F-C37AE82CDB24}.Debug|x64.Build.0 = Debug|Any CPU
		{67F9D3A8-F71E-4428-913F-C37AE82CDB24}.Debug|x86.ActiveCfg = Debug|Any CPU
		{67F9D3A8-F71E-4428-913F-C37AE82CDB24}.Debug|x86.Build.0 = Debug|Any CPU
		{67F9D3A8-F71E-4428-913F-C37AE82CDB24}.Release|Any CPU.ActiveCfg = Release|Any CPU
		{67F9D3A8-F71E-4428-913F-C37AE82CDB24}.Release|Any CPU.Build.0 = Release|Any CPU
		{67F9D3A8-F71E-4428-913F-C37AE82CDB24}.Release|ARM.ActiveCfg = Release|Any CPU
		{67F9D3A8-F71E-4428-913F-C37AE82CDB24}.Release|ARM.Build.0 = Release|Any CPU
		{67F9D3A8-F71E-4428-913F-C37AE82CDB24}.Release|iPhone.ActiveCfg = Release|Any CPU
		{67F9D3A8-F71E-4428-913F-C37AE82CDB24}.Release|iPhone.Build.0 = Release|Any CPU
		{67F9D3A8-F71E-4428-913F-C37AE82CDB24}.Release|iPhoneSimulator.ActiveCfg = Release|Any CPU
		{67F9D3A8-F71E-4428-913F-C37AE82CDB24}.Release|iPhoneSimulator.Build.0 = Release|Any CPU
		{67F9D3A8-F71E-4428-913F-C37AE82CDB24}.Release|x64.ActiveCfg = Release|Any CPU
		{67F9D3A8-F71E-4428-913F-C37AE82CDB24}.Release|x64.Build.0 = Release|Any CPU
		{67F9D3A8-F71E-4428-913F-C37AE82CDB24}.Release|x86.ActiveCfg = Release|Any CPU
		{67F9D3A8-F71E-4428-913F-C37AE82CDB24}.Release|x86.Build.0 = Release|Any CPU
		{B2A54F31-730D-4AE4-9612-FACD960BB327}.Debug|Any CPU.ActiveCfg = Debug|Any CPU
		{B2A54F31-730D-4AE4-9612-FACD960BB327}.Debug|Any CPU.Build.0 = Debug|Any CPU
		{B2A54F31-730D-4AE4-9612-FACD960BB327}.Debug|ARM.ActiveCfg = Debug|ARM
		{B2A54F31-730D-4AE4-9612-FACD960BB327}.Debug|ARM.Build.0 = Debug|ARM
		{B2A54F31-730D-4AE4-9612-FACD960BB327}.Debug|iPhone.ActiveCfg = Debug|Any CPU
		{B2A54F31-730D-4AE4-9612-FACD960BB327}.Debug|iPhone.Build.0 = Debug|Any CPU
		{B2A54F31-730D-4AE4-9612-FACD960BB327}.Debug|iPhoneSimulator.ActiveCfg = Debug|Any CPU
		{B2A54F31-730D-4AE4-9612-FACD960BB327}.Debug|iPhoneSimulator.Build.0 = Debug|Any CPU
		{B2A54F31-730D-4AE4-9612-FACD960BB327}.Debug|x64.ActiveCfg = Debug|x64
		{B2A54F31-730D-4AE4-9612-FACD960BB327}.Debug|x64.Build.0 = Debug|x64
		{B2A54F31-730D-4AE4-9612-FACD960BB327}.Debug|x86.ActiveCfg = Debug|x86
		{B2A54F31-730D-4AE4-9612-FACD960BB327}.Debug|x86.Build.0 = Debug|x86
		{B2A54F31-730D-4AE4-9612-FACD960BB327}.Release|Any CPU.ActiveCfg = Release|Any CPU
		{B2A54F31-730D-4AE4-9612-FACD960BB327}.Release|Any CPU.Build.0 = Release|Any CPU
		{B2A54F31-730D-4AE4-9612-FACD960BB327}.Release|ARM.ActiveCfg = Release|ARM
		{B2A54F31-730D-4AE4-9612-FACD960BB327}.Release|ARM.Build.0 = Release|ARM
		{B2A54F31-730D-4AE4-9612-FACD960BB327}.Release|iPhone.ActiveCfg = Release|Any CPU
		{B2A54F31-730D-4AE4-9612-FACD960BB327}.Release|iPhone.Build.0 = Release|Any CPU
		{B2A54F31-730D-4AE4-9612-FACD960BB327}.Release|iPhoneSimulator.ActiveCfg = Release|Any CPU
		{B2A54F31-730D-4AE4-9612-FACD960BB327}.Release|iPhoneSimulator.Build.0 = Release|Any CPU
		{B2A54F31-730D-4AE4-9612-FACD960BB327}.Release|x64.ActiveCfg = Release|x64
		{B2A54F31-730D-4AE4-9612-FACD960BB327}.Release|x64.Build.0 = Release|x64
		{B2A54F31-730D-4AE4-9612-FACD960BB327}.Release|x86.ActiveCfg = Release|x86
		{B2A54F31-730D-4AE4-9612-FACD960BB327}.Release|x86.Build.0 = Release|x86
		{25730A4A-99B1-425C-91C3-15259D9CD424}.Debug|Any CPU.ActiveCfg = Debug|Any CPU
		{25730A4A-99B1-425C-91C3-15259D9CD424}.Debug|Any CPU.Build.0 = Debug|Any CPU
		{25730A4A-99B1-425C-91C3-15259D9CD424}.Debug|ARM.ActiveCfg = Debug|Any CPU
		{25730A4A-99B1-425C-91C3-15259D9CD424}.Debug|ARM.Build.0 = Debug|Any CPU
		{25730A4A-99B1-425C-91C3-15259D9CD424}.Debug|iPhone.ActiveCfg = Debug|Any CPU
		{25730A4A-99B1-425C-91C3-15259D9CD424}.Debug|iPhone.Build.0 = Debug|Any CPU
		{25730A4A-99B1-425C-91C3-15259D9CD424}.Debug|iPhoneSimulator.ActiveCfg = Debug|Any CPU
		{25730A4A-99B1-425C-91C3-15259D9CD424}.Debug|iPhoneSimulator.Build.0 = Debug|Any CPU
		{25730A4A-99B1-425C-91C3-15259D9CD424}.Debug|x64.ActiveCfg = Debug|Any CPU
		{25730A4A-99B1-425C-91C3-15259D9CD424}.Debug|x64.Build.0 = Debug|Any CPU
		{25730A4A-99B1-425C-91C3-15259D9CD424}.Debug|x86.ActiveCfg = Debug|Any CPU
		{25730A4A-99B1-425C-91C3-15259D9CD424}.Debug|x86.Build.0 = Debug|Any CPU
		{25730A4A-99B1-425C-91C3-15259D9CD424}.Release|Any CPU.ActiveCfg = Release|Any CPU
		{25730A4A-99B1-425C-91C3-15259D9CD424}.Release|Any CPU.Build.0 = Release|Any CPU
		{25730A4A-99B1-425C-91C3-15259D9CD424}.Release|ARM.ActiveCfg = Release|Any CPU
		{25730A4A-99B1-425C-91C3-15259D9CD424}.Release|ARM.Build.0 = Release|Any CPU
		{25730A4A-99B1-425C-91C3-15259D9CD424}.Release|iPhone.ActiveCfg = Release|Any CPU
		{25730A4A-99B1-425C-91C3-15259D9CD424}.Release|iPhone.Build.0 = Release|Any CPU
		{25730A4A-99B1-425C-91C3-15259D9CD424}.Release|iPhoneSimulator.ActiveCfg = Release|Any CPU
		{25730A4A-99B1-425C-91C3-15259D9CD424}.Release|iPhoneSimulator.Build.0 = Release|Any CPU
		{25730A4A-99B1-425C-91C3-15259D9CD424}.Release|x64.ActiveCfg = Release|Any CPU
		{25730A4A-99B1-425C-91C3-15259D9CD424}.Release|x64.Build.0 = Release|Any CPU
		{25730A4A-99B1-425C-91C3-15259D9CD424}.Release|x86.ActiveCfg = Release|Any CPU
		{25730A4A-99B1-425C-91C3-15259D9CD424}.Release|x86.Build.0 = Release|Any CPU
		{A35078E2-CBF0-46B0-B9DA-35CB312C37DC}.Debug|Any CPU.ActiveCfg = Debug|iPhone
		{A35078E2-CBF0-46B0-B9DA-35CB312C37DC}.Debug|Any CPU.Build.0 = Debug|iPhone
		{A35078E2-CBF0-46B0-B9DA-35CB312C37DC}.Debug|ARM.ActiveCfg = Debug|iPhone
		{A35078E2-CBF0-46B0-B9DA-35CB312C37DC}.Debug|iPhone.ActiveCfg = Debug|iPhone
		{A35078E2-CBF0-46B0-B9DA-35CB312C37DC}.Debug|iPhone.Build.0 = Debug|iPhone
		{A35078E2-CBF0-46B0-B9DA-35CB312C37DC}.Debug|iPhoneSimulator.ActiveCfg = Debug|iPhoneSimulator
		{A35078E2-CBF0-46B0-B9DA-35CB312C37DC}.Debug|iPhoneSimulator.Build.0 = Debug|iPhoneSimulator
		{A35078E2-CBF0-46B0-B9DA-35CB312C37DC}.Debug|x64.ActiveCfg = Debug|iPhone
		{A35078E2-CBF0-46B0-B9DA-35CB312C37DC}.Debug|x86.ActiveCfg = Debug|iPhone
		{A35078E2-CBF0-46B0-B9DA-35CB312C37DC}.Release|Any CPU.ActiveCfg = Release|iPhone
		{A35078E2-CBF0-46B0-B9DA-35CB312C37DC}.Release|Any CPU.Build.0 = Release|iPhone
		{A35078E2-CBF0-46B0-B9DA-35CB312C37DC}.Release|ARM.ActiveCfg = Release|iPhone
		{A35078E2-CBF0-46B0-B9DA-35CB312C37DC}.Release|iPhone.ActiveCfg = Release|iPhone
		{A35078E2-CBF0-46B0-B9DA-35CB312C37DC}.Release|iPhone.Build.0 = Release|iPhone
		{A35078E2-CBF0-46B0-B9DA-35CB312C37DC}.Release|iPhoneSimulator.ActiveCfg = Release|iPhoneSimulator
		{A35078E2-CBF0-46B0-B9DA-35CB312C37DC}.Release|iPhoneSimulator.Build.0 = Release|iPhoneSimulator
		{A35078E2-CBF0-46B0-B9DA-35CB312C37DC}.Release|x64.ActiveCfg = Release|iPhone
		{A35078E2-CBF0-46B0-B9DA-35CB312C37DC}.Release|x86.ActiveCfg = Release|iPhone
		{1C5C3CD5-E559-4F97-B250-2561B84AC168}.Debug|Any CPU.ActiveCfg = Debug|Any CPU
		{1C5C3CD5-E559-4F97-B250-2561B84AC168}.Debug|Any CPU.Build.0 = Debug|Any CPU
		{1C5C3CD5-E559-4F97-B250-2561B84AC168}.Debug|Any CPU.Deploy.0 = Debug|Any CPU
		{1C5C3CD5-E559-4F97-B250-2561B84AC168}.Debug|ARM.ActiveCfg = Debug|Any CPU
		{1C5C3CD5-E559-4F97-B250-2561B84AC168}.Debug|ARM.Build.0 = Debug|Any CPU
		{1C5C3CD5-E559-4F97-B250-2561B84AC168}.Debug|ARM.Deploy.0 = Debug|Any CPU
		{1C5C3CD5-E559-4F97-B250-2561B84AC168}.Debug|iPhone.ActiveCfg = Debug|Any CPU
		{1C5C3CD5-E559-4F97-B250-2561B84AC168}.Debug|iPhone.Build.0 = Debug|Any CPU
		{1C5C3CD5-E559-4F97-B250-2561B84AC168}.Debug|iPhone.Deploy.0 = Debug|Any CPU
		{1C5C3CD5-E559-4F97-B250-2561B84AC168}.Debug|iPhoneSimulator.ActiveCfg = Debug|Any CPU
		{1C5C3CD5-E559-4F97-B250-2561B84AC168}.Debug|iPhoneSimulator.Build.0 = Debug|Any CPU
		{1C5C3CD5-E559-4F97-B250-2561B84AC168}.Debug|iPhoneSimulator.Deploy.0 = Debug|Any CPU
		{1C5C3CD5-E559-4F97-B250-2561B84AC168}.Debug|x64.ActiveCfg = Debug|Any CPU
		{1C5C3CD5-E559-4F97-B250-2561B84AC168}.Debug|x64.Build.0 = Debug|Any CPU
		{1C5C3CD5-E559-4F97-B250-2561B84AC168}.Debug|x64.Deploy.0 = Debug|Any CPU
		{1C5C3CD5-E559-4F97-B250-2561B84AC168}.Debug|x86.ActiveCfg = Debug|Any CPU
		{1C5C3CD5-E559-4F97-B250-2561B84AC168}.Debug|x86.Build.0 = Debug|Any CPU
		{1C5C3CD5-E559-4F97-B250-2561B84AC168}.Debug|x86.Deploy.0 = Debug|Any CPU
		{1C5C3CD5-E559-4F97-B250-2561B84AC168}.Release|Any CPU.ActiveCfg = Release|Any CPU
		{1C5C3CD5-E559-4F97-B250-2561B84AC168}.Release|Any CPU.Build.0 = Release|Any CPU
		{1C5C3CD5-E559-4F97-B250-2561B84AC168}.Release|Any CPU.Deploy.0 = Release|Any CPU
		{1C5C3CD5-E559-4F97-B250-2561B84AC168}.Release|ARM.ActiveCfg = Release|Any CPU
		{1C5C3CD5-E559-4F97-B250-2561B84AC168}.Release|ARM.Build.0 = Release|Any CPU
		{1C5C3CD5-E559-4F97-B250-2561B84AC168}.Release|ARM.Deploy.0 = Release|Any CPU
		{1C5C3CD5-E559-4F97-B250-2561B84AC168}.Release|iPhone.ActiveCfg = Release|Any CPU
		{1C5C3CD5-E559-4F97-B250-2561B84AC168}.Release|iPhone.Build.0 = Release|Any CPU
		{1C5C3CD5-E559-4F97-B250-2561B84AC168}.Release|iPhone.Deploy.0 = Release|Any CPU
		{1C5C3CD5-E559-4F97-B250-2561B84AC168}.Release|iPhoneSimulator.ActiveCfg = Release|Any CPU
		{1C5C3CD5-E559-4F97-B250-2561B84AC168}.Release|iPhoneSimulator.Build.0 = Release|Any CPU
		{1C5C3CD5-E559-4F97-B250-2561B84AC168}.Release|iPhoneSimulator.Deploy.0 = Release|Any CPU
		{1C5C3CD5-E559-4F97-B250-2561B84AC168}.Release|x64.ActiveCfg = Release|Any CPU
		{1C5C3CD5-E559-4F97-B250-2561B84AC168}.Release|x64.Build.0 = Release|Any CPU
		{1C5C3CD5-E559-4F97-B250-2561B84AC168}.Release|x64.Deploy.0 = Release|Any CPU
		{1C5C3CD5-E559-4F97-B250-2561B84AC168}.Release|x86.ActiveCfg = Release|Any CPU
		{1C5C3CD5-E559-4F97-B250-2561B84AC168}.Release|x86.Build.0 = Release|Any CPU
		{1C5C3CD5-E559-4F97-B250-2561B84AC168}.Release|x86.Deploy.0 = Release|Any CPU
		{026B7F8A-C176-4A19-AF0F-5976A79B6432}.Debug|Any CPU.ActiveCfg = Debug|x86
		{026B7F8A-C176-4A19-AF0F-5976A79B6432}.Debug|Any CPU.Build.0 = Debug|x86
		{026B7F8A-C176-4A19-AF0F-5976A79B6432}.Debug|Any CPU.Deploy.0 = Debug|x86
		{026B7F8A-C176-4A19-AF0F-5976A79B6432}.Debug|ARM.ActiveCfg = Debug|ARM
		{026B7F8A-C176-4A19-AF0F-5976A79B6432}.Debug|ARM.Build.0 = Debug|ARM
		{026B7F8A-C176-4A19-AF0F-5976A79B6432}.Debug|ARM.Deploy.0 = Debug|ARM
		{026B7F8A-C176-4A19-AF0F-5976A79B6432}.Debug|iPhone.ActiveCfg = Debug|x86
		{026B7F8A-C176-4A19-AF0F-5976A79B6432}.Debug|iPhoneSimulator.ActiveCfg = Debug|x86
		{026B7F8A-C176-4A19-AF0F-5976A79B6432}.Debug|x64.ActiveCfg = Debug|x64
		{026B7F8A-C176-4A19-AF0F-5976A79B6432}.Debug|x64.Build.0 = Debug|x64
		{026B7F8A-C176-4A19-AF0F-5976A79B6432}.Debug|x64.Deploy.0 = Debug|x64
		{026B7F8A-C176-4A19-AF0F-5976A79B6432}.Debug|x86.ActiveCfg = Debug|x86
		{026B7F8A-C176-4A19-AF0F-5976A79B6432}.Debug|x86.Build.0 = Debug|x86
		{026B7F8A-C176-4A19-AF0F-5976A79B6432}.Debug|x86.Deploy.0 = Debug|x86
		{026B7F8A-C176-4A19-AF0F-5976A79B6432}.Release|Any CPU.ActiveCfg = Release|x86
		{026B7F8A-C176-4A19-AF0F-5976A79B6432}.Release|Any CPU.Build.0 = Release|x86
		{026B7F8A-C176-4A19-AF0F-5976A79B6432}.Release|Any CPU.Deploy.0 = Release|x86
		{026B7F8A-C176-4A19-AF0F-5976A79B6432}.Release|ARM.ActiveCfg = Release|ARM
		{026B7F8A-C176-4A19-AF0F-5976A79B6432}.Release|ARM.Build.0 = Release|ARM
		{026B7F8A-C176-4A19-AF0F-5976A79B6432}.Release|ARM.Deploy.0 = Release|ARM
		{026B7F8A-C176-4A19-AF0F-5976A79B6432}.Release|iPhone.ActiveCfg = Release|x86
		{026B7F8A-C176-4A19-AF0F-5976A79B6432}.Release|iPhoneSimulator.ActiveCfg = Release|x86
		{026B7F8A-C176-4A19-AF0F-5976A79B6432}.Release|x64.ActiveCfg = Release|x64
		{026B7F8A-C176-4A19-AF0F-5976A79B6432}.Release|x64.Build.0 = Release|x64
		{026B7F8A-C176-4A19-AF0F-5976A79B6432}.Release|x64.Deploy.0 = Release|x64
		{026B7F8A-C176-4A19-AF0F-5976A79B6432}.Release|x86.ActiveCfg = Release|x86
		{026B7F8A-C176-4A19-AF0F-5976A79B6432}.Release|x86.Build.0 = Release|x86
		{026B7F8A-C176-4A19-AF0F-5976A79B6432}.Release|x86.Deploy.0 = Release|x86
		{0EF49795-8694-4DDB-A8A9-72EF66E3B450}.Debug|Any CPU.ActiveCfg = Debug|Any CPU
		{0EF49795-8694-4DDB-A8A9-72EF66E3B450}.Debug|Any CPU.Build.0 = Debug|Any CPU
		{0EF49795-8694-4DDB-A8A9-72EF66E3B450}.Debug|ARM.ActiveCfg = Debug|Any CPU
		{0EF49795-8694-4DDB-A8A9-72EF66E3B450}.Debug|ARM.Build.0 = Debug|Any CPU
		{0EF49795-8694-4DDB-A8A9-72EF66E3B450}.Debug|iPhone.ActiveCfg = Debug|Any CPU
		{0EF49795-8694-4DDB-A8A9-72EF66E3B450}.Debug|iPhone.Build.0 = Debug|Any CPU
		{0EF49795-8694-4DDB-A8A9-72EF66E3B450}.Debug|iPhoneSimulator.ActiveCfg = Debug|Any CPU
		{0EF49795-8694-4DDB-A8A9-72EF66E3B450}.Debug|iPhoneSimulator.Build.0 = Debug|Any CPU
		{0EF49795-8694-4DDB-A8A9-72EF66E3B450}.Debug|x64.ActiveCfg = Debug|Any CPU
		{0EF49795-8694-4DDB-A8A9-72EF66E3B450}.Debug|x64.Build.0 = Debug|Any CPU
		{0EF49795-8694-4DDB-A8A9-72EF66E3B450}.Debug|x86.ActiveCfg = Debug|Any CPU
		{0EF49795-8694-4DDB-A8A9-72EF66E3B450}.Debug|x86.Build.0 = Debug|Any CPU
		{0EF49795-8694-4DDB-A8A9-72EF66E3B450}.Release|Any CPU.ActiveCfg = Release|Any CPU
		{0EF49795-8694-4DDB-A8A9-72EF66E3B450}.Release|Any CPU.Build.0 = Release|Any CPU
		{0EF49795-8694-4DDB-A8A9-72EF66E3B450}.Release|ARM.ActiveCfg = Release|Any CPU
		{0EF49795-8694-4DDB-A8A9-72EF66E3B450}.Release|ARM.Build.0 = Release|Any CPU
		{0EF49795-8694-4DDB-A8A9-72EF66E3B450}.Release|iPhone.ActiveCfg = Release|Any CPU
		{0EF49795-8694-4DDB-A8A9-72EF66E3B450}.Release|iPhone.Build.0 = Release|Any CPU
		{0EF49795-8694-4DDB-A8A9-72EF66E3B450}.Release|iPhoneSimulator.ActiveCfg = Release|Any CPU
		{0EF49795-8694-4DDB-A8A9-72EF66E3B450}.Release|iPhoneSimulator.Build.0 = Release|Any CPU
		{0EF49795-8694-4DDB-A8A9-72EF66E3B450}.Release|x64.ActiveCfg = Release|Any CPU
		{0EF49795-8694-4DDB-A8A9-72EF66E3B450}.Release|x64.Build.0 = Release|Any CPU
		{0EF49795-8694-4DDB-A8A9-72EF66E3B450}.Release|x86.ActiveCfg = Release|Any CPU
		{0EF49795-8694-4DDB-A8A9-72EF66E3B450}.Release|x86.Build.0 = Release|Any CPU
		{734BBFA0-7C6B-4128-B6C9-1FB2553400A8}.Debug|Any CPU.ActiveCfg = Debug|Any CPU
		{734BBFA0-7C6B-4128-B6C9-1FB2553400A8}.Debug|Any CPU.Build.0 = Debug|Any CPU
		{734BBFA0-7C6B-4128-B6C9-1FB2553400A8}.Debug|ARM.ActiveCfg = Debug|Any CPU
		{734BBFA0-7C6B-4128-B6C9-1FB2553400A8}.Debug|ARM.Build.0 = Debug|Any CPU
		{734BBFA0-7C6B-4128-B6C9-1FB2553400A8}.Debug|iPhone.ActiveCfg = Debug|Any CPU
		{734BBFA0-7C6B-4128-B6C9-1FB2553400A8}.Debug|iPhone.Build.0 = Debug|Any CPU
		{734BBFA0-7C6B-4128-B6C9-1FB2553400A8}.Debug|iPhoneSimulator.ActiveCfg = Debug|Any CPU
		{734BBFA0-7C6B-4128-B6C9-1FB2553400A8}.Debug|iPhoneSimulator.Build.0 = Debug|Any CPU
		{734BBFA0-7C6B-4128-B6C9-1FB2553400A8}.Debug|x64.ActiveCfg = Debug|Any CPU
		{734BBFA0-7C6B-4128-B6C9-1FB2553400A8}.Debug|x64.Build.0 = Debug|Any CPU
		{734BBFA0-7C6B-4128-B6C9-1FB2553400A8}.Debug|x86.ActiveCfg = Debug|Any CPU
		{734BBFA0-7C6B-4128-B6C9-1FB2553400A8}.Debug|x86.Build.0 = Debug|Any CPU
		{734BBFA0-7C6B-4128-B6C9-1FB2553400A8}.Release|Any CPU.ActiveCfg = Release|Any CPU
		{734BBFA0-7C6B-4128-B6C9-1FB2553400A8}.Release|Any CPU.Build.0 = Release|Any CPU
		{734BBFA0-7C6B-4128-B6C9-1FB2553400A8}.Release|ARM.ActiveCfg = Release|Any CPU
		{734BBFA0-7C6B-4128-B6C9-1FB2553400A8}.Release|ARM.Build.0 = Release|Any CPU
		{734BBFA0-7C6B-4128-B6C9-1FB2553400A8}.Release|iPhone.ActiveCfg = Release|Any CPU
		{734BBFA0-7C6B-4128-B6C9-1FB2553400A8}.Release|iPhone.Build.0 = Release|Any CPU
		{734BBFA0-7C6B-4128-B6C9-1FB2553400A8}.Release|iPhoneSimulator.ActiveCfg = Release|Any CPU
		{734BBFA0-7C6B-4128-B6C9-1FB2553400A8}.Release|iPhoneSimulator.Build.0 = Release|Any CPU
		{734BBFA0-7C6B-4128-B6C9-1FB2553400A8}.Release|x64.ActiveCfg = Release|Any CPU
		{734BBFA0-7C6B-4128-B6C9-1FB2553400A8}.Release|x64.Build.0 = Release|Any CPU
		{734BBFA0-7C6B-4128-B6C9-1FB2553400A8}.Release|x86.ActiveCfg = Release|Any CPU
		{734BBFA0-7C6B-4128-B6C9-1FB2553400A8}.Release|x86.Build.0 = Release|Any CPU
	EndGlobalSection
	GlobalSection(SolutionProperties) = preSolution
		HideSolutionNode = FALSE
	EndGlobalSection
	GlobalSection(NestedProjects) = preSolution
		{67F9D3A8-F71E-4428-913F-C37AE82CDB24} = {F16D64C8-F833-4265-821B-C5AA93113E13}
		{B2A54F31-730D-4AE4-9612-FACD960BB327} = {F16D64C8-F833-4265-821B-C5AA93113E13}
		{25730A4A-99B1-425C-91C3-15259D9CD424} = {D2481B32-D7EA-4D79-9ECF-C48DD18E5080}
		{A35078E2-CBF0-46B0-B9DA-35CB312C37DC} = {D2481B32-D7EA-4D79-9ECF-C48DD18E5080}
		{1C5C3CD5-E559-4F97-B250-2561B84AC168} = {D2481B32-D7EA-4D79-9ECF-C48DD18E5080}
		{026B7F8A-C176-4A19-AF0F-5976A79B6432} = {D2481B32-D7EA-4D79-9ECF-C48DD18E5080}
		{0EF49795-8694-4DDB-A8A9-72EF66E3B450} = {F16D64C8-F833-4265-821B-C5AA93113E13}
		{734BBFA0-7C6B-4128-B6C9-1FB2553400A8} = {F16D64C8-F833-4265-821B-C5AA93113E13}
	EndGlobalSection
EndGlobal
